
Microsoft Visual Studio Solution File, Format Version 12.00
# Visual Studio Version 16
VisualStudioVersion = 16.0.29123.88
MinimumVisualStudioVersion = 10.0.40219.1
Project("{9A19103F-16F7-4668-BE54-9A1E7A4F7556}") = "TrojanInvasion", "TrojanInvasion\TrojanInvasion.csproj", "{3940DB4E-EC3A-4AAE-838A-D012847B2D52}"
EndProject
Project("{FAE04EC0-301F-11D3-BF4B-00C04F79EFBC}") = "HelensAbduction", "HelensAbduction\HelensAbduction.csproj", "{E1990E77-F5F6-4FF1-AF39-B69173AD4398}"
EndProject
Project("{9A19103F-16F7-4668-BE54-9A1E7A4F7556}") = "FightingArena", "FightingArena\FightingArena.csproj", "{C944E770-7827-4DA8-8F32-3C307DAC683C}"
EndProject
Global
	GlobalSection(SolutionConfigurationPlatforms) = preSolution
		Debug|Any CPU = Debug|Any CPU
		Release|Any CPU = Release|Any CPU
	EndGlobalSection
	GlobalSection(ProjectConfigurationPlatforms) = postSolution
		{3940DB4E-EC3A-4AAE-838A-D012847B2D52}.Debug|Any CPU.ActiveCfg = Debug|Any CPU
		{3940DB4E-EC3A-4AAE-838A-D012847B2D52}.Debug|Any CPU.Build.0 = Debug|Any CPU
		{3940DB4E-EC3A-4AAE-838A-D012847B2D52}.Release|Any CPU.ActiveCfg = Release|Any CPU
		{3940DB4E-EC3A-4AAE-838A-D012847B2D52}.Release|Any CPU.Build.0 = Release|Any CPU
		{E1990E77-F5F6-4FF1-AF39-B69173AD4398}.Debug|Any CPU.ActiveCfg = Debug|Any CPU
		{E1990E77-F5F6-4FF1-AF39-B69173AD4398}.Debug|Any CPU.Build.0 = Debug|Any CPU
		{E1990E77-F5F6-4FF1-AF39-B69173AD4398}.Release|Any CPU.ActiveCfg = Release|Any CPU
		{E1990E77-F5F6-4FF1-AF39-B69173AD4398}.Release|Any CPU.Build.0 = Release|Any CPU
		{C944E770-7827-4DA8-8F32-3C307DAC683C}.Debug|Any CPU.ActiveCfg = Debug|Any CPU
		{C944E770-7827-4DA8-8F32-3C307DAC683C}.Debug|Any CPU.Build.0 = Debug|Any CPU
		{C944E770-7827-4DA8-8F32-3C307DAC683C}.Release|Any CPU.ActiveCfg = Release|Any CPU
		{C944E770-7827-4DA8-8F32-3C307DAC683C}.Release|Any CPU.Build.0 = Release|Any CPU
	EndGlobalSection
	GlobalSection(SolutionProperties) = preSolution
		HideSolutionNode = FALSE
	EndGlobalSection
	GlobalSection(ExtensibilityGlobals) = postSolution
		SolutionGuid = {B1AE8DCA-A28C-496B-A552-A0F480B7B8CF}
	EndGlobalSection
EndGlobal
