
Microsoft Visual Studio Solution File, Format Version 12.00
# Visual Studio 15
VisualStudioVersion = 15.0.28307.779
MinimumVisualStudioVersion = 10.0.40219.1
Project("{9A19103F-16F7-4668-BE54-9A1E7A4F7556}") = "ListyIterator", "ListyIterator\ListyIterator.csproj", "{8783A65B-A6E3-4060-8E64-D457595E7310}"
EndProject
Project("{9A19103F-16F7-4668-BE54-9A1E7A4F7556}") = "Stack", "Stack\Stack.csproj", "{0CB3A808-022E-4383-A5E2-CDD4212B9B45}"
EndProject
Project("{9A19103F-16F7-4668-BE54-9A1E7A4F7556}") = "Froggy", "Froggy\Froggy.csproj", "{38B28257-D833-49F3-99BE-B0B45B5F6FC6}"
EndProject
Project("{9A19103F-16F7-4668-BE54-9A1E7A4F7556}") = "ComparingObjects", "ComparingObjects\ComparingObjects.csproj", "{FDFBF412-8ADD-4E13-8DDF-593425760FAC}"
EndProject
Project("{FAE04EC0-301F-11D3-BF4B-00C04F79EFBC}") = "EqualityLogic", "EqualityLogic\EqualityLogic.csproj", "{A6C013D7-4C5C-4564-B0C1-2D40DA96CD6E}"
EndProject
Global
	GlobalSection(SolutionConfigurationPlatforms) = preSolution
		Debug|Any CPU = Debug|Any CPU
		Release|Any CPU = Release|Any CPU
	EndGlobalSection
	GlobalSection(ProjectConfigurationPlatforms) = postSolution
		{8783A65B-A6E3-4060-8E64-D457595E7310}.Debug|Any CPU.ActiveCfg = Debug|Any CPU
		{8783A65B-A6E3-4060-8E64-D457595E7310}.Debug|Any CPU.Build.0 = Debug|Any CPU
		{8783A65B-A6E3-4060-8E64-D457595E7310}.Release|Any CPU.ActiveCfg = Release|Any CPU
		{8783A65B-A6E3-4060-8E64-D457595E7310}.Release|Any CPU.Build.0 = Release|Any CPU
		{0CB3A808-022E-4383-A5E2-CDD4212B9B45}.Debug|Any CPU.ActiveCfg = Debug|Any CPU
		{0CB3A808-022E-4383-A5E2-CDD4212B9B45}.Debug|Any CPU.Build.0 = Debug|Any CPU
		{0CB3A808-022E-4383-A5E2-CDD4212B9B45}.Release|Any CPU.ActiveCfg = Release|Any CPU
		{0CB3A808-022E-4383-A5E2-CDD4212B9B45}.Release|Any CPU.Build.0 = Release|Any CPU
		{38B28257-D833-49F3-99BE-B0B45B5F6FC6}.Debug|Any CPU.ActiveCfg = Debug|Any CPU
		{38B28257-D833-49F3-99BE-B0B45B5F6FC6}.Debug|Any CPU.Build.0 = Debug|Any CPU
		{38B28257-D833-49F3-99BE-B0B45B5F6FC6}.Release|Any CPU.ActiveCfg = Release|Any CPU
		{38B28257-D833-49F3-99BE-B0B45B5F6FC6}.Release|Any CPU.Build.0 = Release|Any CPU
		{FDFBF412-8ADD-4E13-8DDF-593425760FAC}.Debug|Any CPU.ActiveCfg = Debug|Any CPU
		{FDFBF412-8ADD-4E13-8DDF-593425760FAC}.Debug|Any CPU.Build.0 = Debug|Any CPU
		{FDFBF412-8ADD-4E13-8DDF-593425760FAC}.Release|Any CPU.ActiveCfg = Release|Any CPU
		{FDFBF412-8ADD-4E13-8DDF-593425760FAC}.Release|Any CPU.Build.0 = Release|Any CPU
		{A6C013D7-4C5C-4564-B0C1-2D40DA96CD6E}.Debug|Any CPU.ActiveCfg = Debug|Any CPU
		{A6C013D7-4C5C-4564-B0C1-2D40DA96CD6E}.Debug|Any CPU.Build.0 = Debug|Any CPU
		{A6C013D7-4C5C-4564-B0C1-2D40DA96CD6E}.Release|Any CPU.ActiveCfg = Release|Any CPU
		{A6C013D7-4C5C-4564-B0C1-2D40DA96CD6E}.Release|Any CPU.Build.0 = Release|Any CPU
	EndGlobalSection
	GlobalSection(SolutionProperties) = preSolution
		HideSolutionNode = FALSE
	EndGlobalSection
	GlobalSection(ExtensibilityGlobals) = postSolution
		SolutionGuid = {B195A3C8-B899-4B1B-92DE-0B75105C5FD2}
	EndGlobalSection
EndGlobal
