
Microsoft Visual Studio Solution File, Format Version 12.00
# Visual Studio 15
VisualStudioVersion = 15.0.28307.779
MinimumVisualStudioVersion = 10.0.40219.1
Project("{FAE04EC0-301F-11D3-BF4B-00C04F79EFBC}") = "DiagonalDifference", "DiagonalDifference\DiagonalDifference.csproj", "{BE627671-0CEE-446C-881E-4A1E7B3C1E0C}"
EndProject
Project("{FAE04EC0-301F-11D3-BF4B-00C04F79EFBC}") = "SquaresInMatrix", "SquaresInMatrix\SquaresInMatrix.csproj", "{87C9930B-A085-4149-91AD-96086D499ACF}"
EndProject
Project("{FAE04EC0-301F-11D3-BF4B-00C04F79EFBC}") = "MaximalSum", "MaximalSum\MaximalSum.csproj", "{56179A76-06E1-490D-9191-DD5CE0070CE9}"
EndProject
Project("{FAE04EC0-301F-11D3-BF4B-00C04F79EFBC}") = "MatrixShuffling", "MatrixShuffling\MatrixShuffling.csproj", "{77242E52-E656-4560-B980-CE5453B5FDD9}"
EndProject
Global
	GlobalSection(SolutionConfigurationPlatforms) = preSolution
		Debug|Any CPU = Debug|Any CPU
		Release|Any CPU = Release|Any CPU
	EndGlobalSection
	GlobalSection(ProjectConfigurationPlatforms) = postSolution
		{BE627671-0CEE-446C-881E-4A1E7B3C1E0C}.Debug|Any CPU.ActiveCfg = Debug|Any CPU
		{BE627671-0CEE-446C-881E-4A1E7B3C1E0C}.Debug|Any CPU.Build.0 = Debug|Any CPU
		{BE627671-0CEE-446C-881E-4A1E7B3C1E0C}.Release|Any CPU.ActiveCfg = Release|Any CPU
		{BE627671-0CEE-446C-881E-4A1E7B3C1E0C}.Release|Any CPU.Build.0 = Release|Any CPU
		{87C9930B-A085-4149-91AD-96086D499ACF}.Debug|Any CPU.ActiveCfg = Debug|Any CPU
		{87C9930B-A085-4149-91AD-96086D499ACF}.Debug|Any CPU.Build.0 = Debug|Any CPU
		{87C9930B-A085-4149-91AD-96086D499ACF}.Release|Any CPU.ActiveCfg = Release|Any CPU
		{87C9930B-A085-4149-91AD-96086D499ACF}.Release|Any CPU.Build.0 = Release|Any CPU
		{56179A76-06E1-490D-9191-DD5CE0070CE9}.Debug|Any CPU.ActiveCfg = Debug|Any CPU
		{56179A76-06E1-490D-9191-DD5CE0070CE9}.Debug|Any CPU.Build.0 = Debug|Any CPU
		{56179A76-06E1-490D-9191-DD5CE0070CE9}.Release|Any CPU.ActiveCfg = Release|Any CPU
		{56179A76-06E1-490D-9191-DD5CE0070CE9}.Release|Any CPU.Build.0 = Release|Any CPU
		{77242E52-E656-4560-B980-CE5453B5FDD9}.Debug|Any CPU.ActiveCfg = Debug|Any CPU
		{77242E52-E656-4560-B980-CE5453B5FDD9}.Debug|Any CPU.Build.0 = Debug|Any CPU
		{77242E52-E656-4560-B980-CE5453B5FDD9}.Release|Any CPU.ActiveCfg = Release|Any CPU
		{77242E52-E656-4560-B980-CE5453B5FDD9}.Release|Any CPU.Build.0 = Release|Any CPU
	EndGlobalSection
	GlobalSection(SolutionProperties) = preSolution
		HideSolutionNode = FALSE
	EndGlobalSection
	GlobalSection(ExtensibilityGlobals) = postSolution
		SolutionGuid = {1C4108C0-79A3-4AC5-B6C1-06A302D3DF2B}
	EndGlobalSection
EndGlobal
