
Microsoft Visual Studio Solution File, Format Version 12.00
# Visual Studio 15
VisualStudioVersion = 15.0.28307.779
MinimumVisualStudioVersion = 10.0.40219.1
Project("{FAE04EC0-301F-11D3-BF4B-00C04F79EFBC}") = "CountSameValuesInArray", "CountSameValuesInArray\CountSameValuesInArray.csproj", "{A0D34B8B-BFB2-4E91-A383-0D5B027B665C}"
EndProject
Project("{FAE04EC0-301F-11D3-BF4B-00C04F79EFBC}") = "AverageStudentGrades", "AverageStudentGrades\AverageStudentGrades.csproj", "{2A004F6E-0CA5-4588-B152-69562439565D}"
EndProject
Project("{FAE04EC0-301F-11D3-BF4B-00C04F79EFBC}") = "ProductShop", "ProductShop\ProductShop.csproj", "{3303D1FB-CD0A-4AE5-9219-79B8191ACC8A}"
EndProject
Project("{FAE04EC0-301F-11D3-BF4B-00C04F79EFBC}") = "CitiesByContinentAndCountry", "CitiesByContinentAndCountry\CitiesByContinentAndCountry.csproj", "{8313379D-268C-4FE3-A4F2-613D298622FE}"
EndProject
Global
	GlobalSection(SolutionConfigurationPlatforms) = preSolution
		Debug|Any CPU = Debug|Any CPU
		Release|Any CPU = Release|Any CPU
	EndGlobalSection
	GlobalSection(ProjectConfigurationPlatforms) = postSolution
		{A0D34B8B-BFB2-4E91-A383-0D5B027B665C}.Debug|Any CPU.ActiveCfg = Debug|Any CPU
		{A0D34B8B-BFB2-4E91-A383-0D5B027B665C}.Debug|Any CPU.Build.0 = Debug|Any CPU
		{A0D34B8B-BFB2-4E91-A383-0D5B027B665C}.Release|Any CPU.ActiveCfg = Release|Any CPU
		{A0D34B8B-BFB2-4E91-A383-0D5B027B665C}.Release|Any CPU.Build.0 = Release|Any CPU
		{2A004F6E-0CA5-4588-B152-69562439565D}.Debug|Any CPU.ActiveCfg = Debug|Any CPU
		{2A004F6E-0CA5-4588-B152-69562439565D}.Debug|Any CPU.Build.0 = Debug|Any CPU
		{2A004F6E-0CA5-4588-B152-69562439565D}.Release|Any CPU.ActiveCfg = Release|Any CPU
		{2A004F6E-0CA5-4588-B152-69562439565D}.Release|Any CPU.Build.0 = Release|Any CPU
		{3303D1FB-CD0A-4AE5-9219-79B8191ACC8A}.Debug|Any CPU.ActiveCfg = Debug|Any CPU
		{3303D1FB-CD0A-4AE5-9219-79B8191ACC8A}.Debug|Any CPU.Build.0 = Debug|Any CPU
		{3303D1FB-CD0A-4AE5-9219-79B8191ACC8A}.Release|Any CPU.ActiveCfg = Release|Any CPU
		{3303D1FB-CD0A-4AE5-9219-79B8191ACC8A}.Release|Any CPU.Build.0 = Release|Any CPU
		{8313379D-268C-4FE3-A4F2-613D298622FE}.Debug|Any CPU.ActiveCfg = Debug|Any CPU
		{8313379D-268C-4FE3-A4F2-613D298622FE}.Debug|Any CPU.Build.0 = Debug|Any CPU
		{8313379D-268C-4FE3-A4F2-613D298622FE}.Release|Any CPU.ActiveCfg = Release|Any CPU
		{8313379D-268C-4FE3-A4F2-613D298622FE}.Release|Any CPU.Build.0 = Release|Any CPU
	EndGlobalSection
	GlobalSection(SolutionProperties) = preSolution
		HideSolutionNode = FALSE
	EndGlobalSection
	GlobalSection(ExtensibilityGlobals) = postSolution
		SolutionGuid = {9C5D7A76-29DC-420A-A6B1-5B79032CD6BF}
	EndGlobalSection
EndGlobal
