
Microsoft Visual Studio Solution File, Format Version 12.00
# Visual Studio 15
VisualStudioVersion = 15.0.28307.779
MinimumVisualStudioVersion = 10.0.40219.1
Project("{FAE04EC0-301F-11D3-BF4B-00C04F79EFBC}") = "BoxOfT", "Generics\BoxOfT.csproj", "{0CF2D72E-EC34-46E7-82A0-776D857F5BFB}"
EndProject
Project("{FAE04EC0-301F-11D3-BF4B-00C04F79EFBC}") = "GenericArrayCreator", "GenericArrayCreator\GenericArrayCreator.csproj", "{41FE6A0A-BE85-464A-8F41-92EFE551192F}"
EndProject
Project("{FAE04EC0-301F-11D3-BF4B-00C04F79EFBC}") = "GenericScale", "GenericScale\GenericScale.csproj", "{3D9CB601-1171-4329-8010-1FBFEFA1DAE6}"
EndProject
Global
	GlobalSection(SolutionConfigurationPlatforms) = preSolution
		Debug|Any CPU = Debug|Any CPU
		Release|Any CPU = Release|Any CPU
	EndGlobalSection
	GlobalSection(ProjectConfigurationPlatforms) = postSolution
		{0CF2D72E-EC34-46E7-82A0-776D857F5BFB}.Debug|Any CPU.ActiveCfg = Debug|Any CPU
		{0CF2D72E-EC34-46E7-82A0-776D857F5BFB}.Debug|Any CPU.Build.0 = Debug|Any CPU
		{0CF2D72E-EC34-46E7-82A0-776D857F5BFB}.Release|Any CPU.ActiveCfg = Release|Any CPU
		{0CF2D72E-EC34-46E7-82A0-776D857F5BFB}.Release|Any CPU.Build.0 = Release|Any CPU
		{41FE6A0A-BE85-464A-8F41-92EFE551192F}.Debug|Any CPU.ActiveCfg = Debug|Any CPU
		{41FE6A0A-BE85-464A-8F41-92EFE551192F}.Debug|Any CPU.Build.0 = Debug|Any CPU
		{41FE6A0A-BE85-464A-8F41-92EFE551192F}.Release|Any CPU.ActiveCfg = Release|Any CPU
		{41FE6A0A-BE85-464A-8F41-92EFE551192F}.Release|Any CPU.Build.0 = Release|Any CPU
		{3D9CB601-1171-4329-8010-1FBFEFA1DAE6}.Debug|Any CPU.ActiveCfg = Debug|Any CPU
		{3D9CB601-1171-4329-8010-1FBFEFA1DAE6}.Debug|Any CPU.Build.0 = Debug|Any CPU
		{3D9CB601-1171-4329-8010-1FBFEFA1DAE6}.Release|Any CPU.ActiveCfg = Release|Any CPU
		{3D9CB601-1171-4329-8010-1FBFEFA1DAE6}.Release|Any CPU.Build.0 = Release|Any CPU
	EndGlobalSection
	GlobalSection(SolutionProperties) = preSolution
		HideSolutionNode = FALSE
	EndGlobalSection
	GlobalSection(ExtensibilityGlobals) = postSolution
		SolutionGuid = {9893F7EC-5DCE-40F7-8103-0D3BE78622FE}
	EndGlobalSection
EndGlobal
