
Microsoft Visual Studio Solution File, Format Version 12.00
# Visual Studio 15
VisualStudioVersion = 15.0.28307.779
MinimumVisualStudioVersion = 10.0.40219.1
Project("{FAE04EC0-301F-11D3-BF4B-00C04F79EFBC}") = "SortEvenNumbers", "SortEvenNumbers\SortEvenNumbers.csproj", "{F81B480B-AAEA-4839-A646-60EF491C9851}"
EndProject
Project("{FAE04EC0-301F-11D3-BF4B-00C04F79EFBC}") = "SumNumbers", "SumNumbers\SumNumbers.csproj", "{CCE834A3-AE92-49C7-AF30-8FAB6AACDA85}"
EndProject
Global
	GlobalSection(SolutionConfigurationPlatforms) = preSolution
		Debug|Any CPU = Debug|Any CPU
		Release|Any CPU = Release|Any CPU
	EndGlobalSection
	GlobalSection(ProjectConfigurationPlatforms) = postSolution
		{F81B480B-AAEA-4839-A646-60EF491C9851}.Debug|Any CPU.ActiveCfg = Debug|Any CPU
		{F81B480B-AAEA-4839-A646-60EF491C9851}.Debug|Any CPU.Build.0 = Debug|Any CPU
		{F81B480B-AAEA-4839-A646-60EF491C9851}.Release|Any CPU.ActiveCfg = Release|Any CPU
		{F81B480B-AAEA-4839-A646-60EF491C9851}.Release|Any CPU.Build.0 = Release|Any CPU
		{CCE834A3-AE92-49C7-AF30-8FAB6AACDA85}.Debug|Any CPU.ActiveCfg = Debug|Any CPU
		{CCE834A3-AE92-49C7-AF30-8FAB6AACDA85}.Debug|Any CPU.Build.0 = Debug|Any CPU
		{CCE834A3-AE92-49C7-AF30-8FAB6AACDA85}.Release|Any CPU.ActiveCfg = Release|Any CPU
		{CCE834A3-AE92-49C7-AF30-8FAB6AACDA85}.Release|Any CPU.Build.0 = Release|Any CPU
	EndGlobalSection
	GlobalSection(SolutionProperties) = preSolution
		HideSolutionNode = FALSE
	EndGlobalSection
	GlobalSection(ExtensibilityGlobals) = postSolution
		SolutionGuid = {56A12408-6DE4-4CDB-876F-0534FBAE9719}
	EndGlobalSection
EndGlobal
