
Microsoft Visual Studio Solution File, Format Version 12.00
# Visual Studio 15
VisualStudioVersion = 15.0.28307.779
MinimumVisualStudioVersion = 10.0.40219.1
Project("{FAE04EC0-301F-11D3-BF4B-00C04F79EFBC}") = "SortEvenNumbers", "SortEvenNumbers\SortEvenNumbers.csproj", "{F81B480B-AAEA-4839-A646-60EF491C9851}"
EndProject
Project("{FAE04EC0-301F-11D3-BF4B-00C04F79EFBC}") = "SumNumbers", "SumNumbers\SumNumbers.csproj", "{CCE834A3-AE92-49C7-AF30-8FAB6AACDA85}"
EndProject
Project("{FAE04EC0-301F-11D3-BF4B-00C04F79EFBC}") = "CountUppercaseWords", "CountUppercaseWords\CountUppercaseWords.csproj", "{F9EDC083-A5F4-48E5-A3DE-21B430E661EE}"
EndProject
Project("{FAE04EC0-301F-11D3-BF4B-00C04F79EFBC}") = "AddVAT", "AddVAT\AddVAT.csproj", "{E91918F3-1676-47A2-9EA5-810667BD4518}"
EndProject
Project("{FAE04EC0-301F-11D3-BF4B-00C04F79EFBC}") = "FilterByAge", "FilterByAge\FilterByAge.csproj", "{5D8126D8-B572-4DF4-83F4-F2281F28CF63}"
EndProject
Global
	GlobalSection(SolutionConfigurationPlatforms) = preSolution
		Debug|Any CPU = Debug|Any CPU
		Release|Any CPU = Release|Any CPU
	EndGlobalSection
	GlobalSection(ProjectConfigurationPlatforms) = postSolution
		{F81B480B-AAEA-4839-A646-60EF491C9851}.Debug|Any CPU.ActiveCfg = Debug|Any CPU
		{F81B480B-AAEA-4839-A646-60EF491C9851}.Debug|Any CPU.Build.0 = Debug|Any CPU
		{F81B480B-AAEA-4839-A646-60EF491C9851}.Release|Any CPU.ActiveCfg = Release|Any CPU
		{F81B480B-AAEA-4839-A646-60EF491C9851}.Release|Any CPU.Build.0 = Release|Any CPU
		{CCE834A3-AE92-49C7-AF30-8FAB6AACDA85}.Debug|Any CPU.ActiveCfg = Debug|Any CPU
		{CCE834A3-AE92-49C7-AF30-8FAB6AACDA85}.Debug|Any CPU.Build.0 = Debug|Any CPU
		{CCE834A3-AE92-49C7-AF30-8FAB6AACDA85}.Release|Any CPU.ActiveCfg = Release|Any CPU
		{CCE834A3-AE92-49C7-AF30-8FAB6AACDA85}.Release|Any CPU.Build.0 = Release|Any CPU
		{F9EDC083-A5F4-48E5-A3DE-21B430E661EE}.Debug|Any CPU.ActiveCfg = Debug|Any CPU
		{F9EDC083-A5F4-48E5-A3DE-21B430E661EE}.Debug|Any CPU.Build.0 = Debug|Any CPU
		{F9EDC083-A5F4-48E5-A3DE-21B430E661EE}.Release|Any CPU.ActiveCfg = Release|Any CPU
		{F9EDC083-A5F4-48E5-A3DE-21B430E661EE}.Release|Any CPU.Build.0 = Release|Any CPU
		{E91918F3-1676-47A2-9EA5-810667BD4518}.Debug|Any CPU.ActiveCfg = Debug|Any CPU
		{E91918F3-1676-47A2-9EA5-810667BD4518}.Debug|Any CPU.Build.0 = Debug|Any CPU
		{E91918F3-1676-47A2-9EA5-810667BD4518}.Release|Any CPU.ActiveCfg = Release|Any CPU
		{E91918F3-1676-47A2-9EA5-810667BD4518}.Release|Any CPU.Build.0 = Release|Any CPU
		{5D8126D8-B572-4DF4-83F4-F2281F28CF63}.Debug|Any CPU.ActiveCfg = Debug|Any CPU
		{5D8126D8-B572-4DF4-83F4-F2281F28CF63}.Debug|Any CPU.Build.0 = Debug|Any CPU
		{5D8126D8-B572-4DF4-83F4-F2281F28CF63}.Release|Any CPU.ActiveCfg = Release|Any CPU
		{5D8126D8-B572-4DF4-83F4-F2281F28CF63}.Release|Any CPU.Build.0 = Release|Any CPU
	EndGlobalSection
	GlobalSection(SolutionProperties) = preSolution
		HideSolutionNode = FALSE
	EndGlobalSection
	GlobalSection(ExtensibilityGlobals) = postSolution
		SolutionGuid = {56A12408-6DE4-4CDB-876F-0534FBAE9719}
	EndGlobalSection
EndGlobal
