
Microsoft Visual Studio Solution File, Format Version 12.00
# Visual Studio 15
VisualStudioVersion = 15.0.28307.779
MinimumVisualStudioVersion = 10.0.40219.1
Project("{9A19103F-16F7-4668-BE54-9A1E7A4F7556}") = "CarManufacturer", "CarManufacturer\CarManufacturer.csproj", "{DCADE507-1CAA-4530-985F-7AA5ED834D5B}"
EndProject
Global
	GlobalSection(SolutionConfigurationPlatforms) = preSolution
		Debug|Any CPU = Debug|Any CPU
		Release|Any CPU = Release|Any CPU
	EndGlobalSection
	GlobalSection(ProjectConfigurationPlatforms) = postSolution
		{DCADE507-1CAA-4530-985F-7AA5ED834D5B}.Debug|Any CPU.ActiveCfg = Debug|Any CPU
		{DCADE507-1CAA-4530-985F-7AA5ED834D5B}.Debug|Any CPU.Build.0 = Debug|Any CPU
		{DCADE507-1CAA-4530-985F-7AA5ED834D5B}.Release|Any CPU.ActiveCfg = Release|Any CPU
		{DCADE507-1CAA-4530-985F-7AA5ED834D5B}.Release|Any CPU.Build.0 = Release|Any CPU
	EndGlobalSection
	GlobalSection(SolutionProperties) = preSolution
		HideSolutionNode = FALSE
	EndGlobalSection
	GlobalSection(ExtensibilityGlobals) = postSolution
		SolutionGuid = {0F8E190E-52E7-418D-8B2D-004C4C928057}
	EndGlobalSection
EndGlobal
