
Microsoft Visual Studio Solution File, Format Version 12.00
# Visual Studio 15
VisualStudioVersion = 15.0.28307.779
MinimumVisualStudioVersion = 10.0.40219.1
Project("{FAE04EC0-301F-11D3-BF4B-00C04F79EFBC}") = "UniqueUsernames", "UniqueUsernames\UniqueUsernames.csproj", "{8D269F26-AD5C-4319-8014-2A1D0E40589A}"
EndProject
Project("{FAE04EC0-301F-11D3-BF4B-00C04F79EFBC}") = "SetsOfElements", "SetsOfElements\SetsOfElements.csproj", "{0632589F-8F2F-4856-B327-1FA08523E028}"
EndProject
Project("{FAE04EC0-301F-11D3-BF4B-00C04F79EFBC}") = "PeriodicTable", "PeriodicTable\PeriodicTable.csproj", "{617233FD-4655-4CEB-BC8B-0368A793D988}"
EndProject
Global
	GlobalSection(SolutionConfigurationPlatforms) = preSolution
		Debug|Any CPU = Debug|Any CPU
		Release|Any CPU = Release|Any CPU
	EndGlobalSection
	GlobalSection(ProjectConfigurationPlatforms) = postSolution
		{8D269F26-AD5C-4319-8014-2A1D0E40589A}.Debug|Any CPU.ActiveCfg = Debug|Any CPU
		{8D269F26-AD5C-4319-8014-2A1D0E40589A}.Debug|Any CPU.Build.0 = Debug|Any CPU
		{8D269F26-AD5C-4319-8014-2A1D0E40589A}.Release|Any CPU.ActiveCfg = Release|Any CPU
		{8D269F26-AD5C-4319-8014-2A1D0E40589A}.Release|Any CPU.Build.0 = Release|Any CPU
		{0632589F-8F2F-4856-B327-1FA08523E028}.Debug|Any CPU.ActiveCfg = Debug|Any CPU
		{0632589F-8F2F-4856-B327-1FA08523E028}.Debug|Any CPU.Build.0 = Debug|Any CPU
		{0632589F-8F2F-4856-B327-1FA08523E028}.Release|Any CPU.ActiveCfg = Release|Any CPU
		{0632589F-8F2F-4856-B327-1FA08523E028}.Release|Any CPU.Build.0 = Release|Any CPU
		{617233FD-4655-4CEB-BC8B-0368A793D988}.Debug|Any CPU.ActiveCfg = Debug|Any CPU
		{617233FD-4655-4CEB-BC8B-0368A793D988}.Debug|Any CPU.Build.0 = Debug|Any CPU
		{617233FD-4655-4CEB-BC8B-0368A793D988}.Release|Any CPU.ActiveCfg = Release|Any CPU
		{617233FD-4655-4CEB-BC8B-0368A793D988}.Release|Any CPU.Build.0 = Release|Any CPU
	EndGlobalSection
	GlobalSection(SolutionProperties) = preSolution
		HideSolutionNode = FALSE
	EndGlobalSection
	GlobalSection(ExtensibilityGlobals) = postSolution
		SolutionGuid = {BBE5922B-D3F8-4970-842B-43FA9E12AC9D}
	EndGlobalSection
EndGlobal
