
Microsoft Visual Studio Solution File, Format Version 12.00
# Visual Studio 15
VisualStudioVersion = 15.0.28307.779
MinimumVisualStudioVersion = 10.0.40219.1
Project("{FAE04EC0-301F-11D3-BF4B-00C04F79EFBC}") = "UniqueUsernames", "UniqueUsernames\UniqueUsernames.csproj", "{8D269F26-AD5C-4319-8014-2A1D0E40589A}"
EndProject
Project("{FAE04EC0-301F-11D3-BF4B-00C04F79EFBC}") = "SetsOfElements", "SetsOfElements\SetsOfElements.csproj", "{0632589F-8F2F-4856-B327-1FA08523E028}"
EndProject
Project("{FAE04EC0-301F-11D3-BF4B-00C04F79EFBC}") = "PeriodicTable", "PeriodicTable\PeriodicTable.csproj", "{617233FD-4655-4CEB-BC8B-0368A793D988}"
EndProject
Project("{FAE04EC0-301F-11D3-BF4B-00C04F79EFBC}") = "EvenTimes", "EvenTimes\EvenTimes.csproj", "{16C91A3D-45AB-4242-A704-D59F65675A5F}"
EndProject
Project("{FAE04EC0-301F-11D3-BF4B-00C04F79EFBC}") = "CountSymbols", "CountSymbols\CountSymbols.csproj", "{0A104785-51AD-4552-AFCE-3F816DA8A784}"
EndProject
Project("{FAE04EC0-301F-11D3-BF4B-00C04F79EFBC}") = "Wardrobe", "Wardrobe\Wardrobe.csproj", "{E8E9BDAB-BDD5-4BA8-8FEE-ABB91D1377E4}"
EndProject
Project("{FAE04EC0-301F-11D3-BF4B-00C04F79EFBC}") = "TheVLogger", "TheVLogger\TheVLogger.csproj", "{D871D38B-D23F-4686-9AD9-60E84960373F}"
EndProject
Project("{FAE04EC0-301F-11D3-BF4B-00C04F79EFBC}") = "Ranking", "Ranking\Ranking.csproj", "{E0659BC9-0214-4EEA-8A1D-1F3CB7E4EFF4}"
EndProject
Global
	GlobalSection(SolutionConfigurationPlatforms) = preSolution
		Debug|Any CPU = Debug|Any CPU
		Release|Any CPU = Release|Any CPU
	EndGlobalSection
	GlobalSection(ProjectConfigurationPlatforms) = postSolution
		{8D269F26-AD5C-4319-8014-2A1D0E40589A}.Debug|Any CPU.ActiveCfg = Debug|Any CPU
		{8D269F26-AD5C-4319-8014-2A1D0E40589A}.Debug|Any CPU.Build.0 = Debug|Any CPU
		{8D269F26-AD5C-4319-8014-2A1D0E40589A}.Release|Any CPU.ActiveCfg = Release|Any CPU
		{8D269F26-AD5C-4319-8014-2A1D0E40589A}.Release|Any CPU.Build.0 = Release|Any CPU
		{0632589F-8F2F-4856-B327-1FA08523E028}.Debug|Any CPU.ActiveCfg = Debug|Any CPU
		{0632589F-8F2F-4856-B327-1FA08523E028}.Debug|Any CPU.Build.0 = Debug|Any CPU
		{0632589F-8F2F-4856-B327-1FA08523E028}.Release|Any CPU.ActiveCfg = Release|Any CPU
		{0632589F-8F2F-4856-B327-1FA08523E028}.Release|Any CPU.Build.0 = Release|Any CPU
		{617233FD-4655-4CEB-BC8B-0368A793D988}.Debug|Any CPU.ActiveCfg = Debug|Any CPU
		{617233FD-4655-4CEB-BC8B-0368A793D988}.Debug|Any CPU.Build.0 = Debug|Any CPU
		{617233FD-4655-4CEB-BC8B-0368A793D988}.Release|Any CPU.ActiveCfg = Release|Any CPU
		{617233FD-4655-4CEB-BC8B-0368A793D988}.Release|Any CPU.Build.0 = Release|Any CPU
		{16C91A3D-45AB-4242-A704-D59F65675A5F}.Debug|Any CPU.ActiveCfg = Debug|Any CPU
		{16C91A3D-45AB-4242-A704-D59F65675A5F}.Debug|Any CPU.Build.0 = Debug|Any CPU
		{16C91A3D-45AB-4242-A704-D59F65675A5F}.Release|Any CPU.ActiveCfg = Release|Any CPU
		{16C91A3D-45AB-4242-A704-D59F65675A5F}.Release|Any CPU.Build.0 = Release|Any CPU
		{0A104785-51AD-4552-AFCE-3F816DA8A784}.Debug|Any CPU.ActiveCfg = Debug|Any CPU
		{0A104785-51AD-4552-AFCE-3F816DA8A784}.Debug|Any CPU.Build.0 = Debug|Any CPU
		{0A104785-51AD-4552-AFCE-3F816DA8A784}.Release|Any CPU.ActiveCfg = Release|Any CPU
		{0A104785-51AD-4552-AFCE-3F816DA8A784}.Release|Any CPU.Build.0 = Release|Any CPU
		{E8E9BDAB-BDD5-4BA8-8FEE-ABB91D1377E4}.Debug|Any CPU.ActiveCfg = Debug|Any CPU
		{E8E9BDAB-BDD5-4BA8-8FEE-ABB91D1377E4}.Debug|Any CPU.Build.0 = Debug|Any CPU
		{E8E9BDAB-BDD5-4BA8-8FEE-ABB91D1377E4}.Release|Any CPU.ActiveCfg = Release|Any CPU
		{E8E9BDAB-BDD5-4BA8-8FEE-ABB91D1377E4}.Release|Any CPU.Build.0 = Release|Any CPU
		{D871D38B-D23F-4686-9AD9-60E84960373F}.Debug|Any CPU.ActiveCfg = Debug|Any CPU
		{D871D38B-D23F-4686-9AD9-60E84960373F}.Debug|Any CPU.Build.0 = Debug|Any CPU
		{D871D38B-D23F-4686-9AD9-60E84960373F}.Release|Any CPU.ActiveCfg = Release|Any CPU
		{D871D38B-D23F-4686-9AD9-60E84960373F}.Release|Any CPU.Build.0 = Release|Any CPU
		{E0659BC9-0214-4EEA-8A1D-1F3CB7E4EFF4}.Debug|Any CPU.ActiveCfg = Debug|Any CPU
		{E0659BC9-0214-4EEA-8A1D-1F3CB7E4EFF4}.Debug|Any CPU.Build.0 = Debug|Any CPU
		{E0659BC9-0214-4EEA-8A1D-1F3CB7E4EFF4}.Release|Any CPU.ActiveCfg = Release|Any CPU
		{E0659BC9-0214-4EEA-8A1D-1F3CB7E4EFF4}.Release|Any CPU.Build.0 = Release|Any CPU
	EndGlobalSection
	GlobalSection(SolutionProperties) = preSolution
		HideSolutionNode = FALSE
	EndGlobalSection
	GlobalSection(ExtensibilityGlobals) = postSolution
		SolutionGuid = {BBE5922B-D3F8-4970-842B-43FA9E12AC9D}
	EndGlobalSection
EndGlobal
