
Microsoft Visual Studio Solution File, Format Version 12.00
# Visual Studio 15
VisualStudioVersion = 15.0.28307.779
MinimumVisualStudioVersion = 10.0.40219.1
Project("{FAE04EC0-301F-11D3-BF4B-00C04F79EFBC}") = "CustomDataStructures", "CustomDataStructures\CustomDataStructures.csproj", "{8C65E692-7C21-4270-B174-89468CB786ED}"
EndProject
Global
	GlobalSection(SolutionConfigurationPlatforms) = preSolution
		Debug|Any CPU = Debug|Any CPU
		Release|Any CPU = Release|Any CPU
	EndGlobalSection
	GlobalSection(ProjectConfigurationPlatforms) = postSolution
		{8C65E692-7C21-4270-B174-89468CB786ED}.Debug|Any CPU.ActiveCfg = Debug|Any CPU
		{8C65E692-7C21-4270-B174-89468CB786ED}.Debug|Any CPU.Build.0 = Debug|Any CPU
		{8C65E692-7C21-4270-B174-89468CB786ED}.Release|Any CPU.ActiveCfg = Release|Any CPU
		{8C65E692-7C21-4270-B174-89468CB786ED}.Release|Any CPU.Build.0 = Release|Any CPU
	EndGlobalSection
	GlobalSection(SolutionProperties) = preSolution
		HideSolutionNode = FALSE
	EndGlobalSection
	GlobalSection(ExtensibilityGlobals) = postSolution
		SolutionGuid = {688E8F81-EC02-4720-93AC-6467822D5E26}
	EndGlobalSection
EndGlobal
