
Microsoft Visual Studio Solution File, Format Version 12.00
# Visual Studio 15
VisualStudioVersion = 15.0.28307.779
MinimumVisualStudioVersion = 10.0.40219.1
Project("{9A19103F-16F7-4668-BE54-9A1E7A4F7556}") = "OddLines", "OddLines\OddLines.csproj", "{A2105F0C-E385-431F-84EF-5F2753247D4F}"
EndProject
Project("{9A19103F-16F7-4668-BE54-9A1E7A4F7556}") = "LineNumbers", "LineNumbers\LineNumbers.csproj", "{04A3D47B-A9C6-4C99-BBCE-FBAB6B5E5D25}"
EndProject
Project("{9A19103F-16F7-4668-BE54-9A1E7A4F7556}") = "WordCount", "WordCount\WordCount.csproj", "{EB753F6E-8C78-41B8-B0C3-81838C672BE6}"
EndProject
Project("{9A19103F-16F7-4668-BE54-9A1E7A4F7556}") = "MergeFiles", "MergeFiles\MergeFiles.csproj", "{016E684C-0215-4C0F-BCFF-89701B221331}"
EndProject
Project("{FAE04EC0-301F-11D3-BF4B-00C04F79EFBC}") = "SliceAFile", "SliceAFile\SliceAFile.csproj", "{C7D7B80B-FDB2-4D4F-B65D-594EA47A6C55}"
EndProject
Global
	GlobalSection(SolutionConfigurationPlatforms) = preSolution
		Debug|Any CPU = Debug|Any CPU
		Release|Any CPU = Release|Any CPU
	EndGlobalSection
	GlobalSection(ProjectConfigurationPlatforms) = postSolution
		{A2105F0C-E385-431F-84EF-5F2753247D4F}.Debug|Any CPU.ActiveCfg = Debug|Any CPU
		{A2105F0C-E385-431F-84EF-5F2753247D4F}.Debug|Any CPU.Build.0 = Debug|Any CPU
		{A2105F0C-E385-431F-84EF-5F2753247D4F}.Release|Any CPU.ActiveCfg = Release|Any CPU
		{A2105F0C-E385-431F-84EF-5F2753247D4F}.Release|Any CPU.Build.0 = Release|Any CPU
		{04A3D47B-A9C6-4C99-BBCE-FBAB6B5E5D25}.Debug|Any CPU.ActiveCfg = Debug|Any CPU
		{04A3D47B-A9C6-4C99-BBCE-FBAB6B5E5D25}.Debug|Any CPU.Build.0 = Debug|Any CPU
		{04A3D47B-A9C6-4C99-BBCE-FBAB6B5E5D25}.Release|Any CPU.ActiveCfg = Release|Any CPU
		{04A3D47B-A9C6-4C99-BBCE-FBAB6B5E5D25}.Release|Any CPU.Build.0 = Release|Any CPU
		{EB753F6E-8C78-41B8-B0C3-81838C672BE6}.Debug|Any CPU.ActiveCfg = Debug|Any CPU
		{EB753F6E-8C78-41B8-B0C3-81838C672BE6}.Debug|Any CPU.Build.0 = Debug|Any CPU
		{EB753F6E-8C78-41B8-B0C3-81838C672BE6}.Release|Any CPU.ActiveCfg = Release|Any CPU
		{EB753F6E-8C78-41B8-B0C3-81838C672BE6}.Release|Any CPU.Build.0 = Release|Any CPU
		{016E684C-0215-4C0F-BCFF-89701B221331}.Debug|Any CPU.ActiveCfg = Debug|Any CPU
		{016E684C-0215-4C0F-BCFF-89701B221331}.Debug|Any CPU.Build.0 = Debug|Any CPU
		{016E684C-0215-4C0F-BCFF-89701B221331}.Release|Any CPU.ActiveCfg = Release|Any CPU
		{016E684C-0215-4C0F-BCFF-89701B221331}.Release|Any CPU.Build.0 = Release|Any CPU
		{C7D7B80B-FDB2-4D4F-B65D-594EA47A6C55}.Debug|Any CPU.ActiveCfg = Debug|Any CPU
		{C7D7B80B-FDB2-4D4F-B65D-594EA47A6C55}.Debug|Any CPU.Build.0 = Debug|Any CPU
		{C7D7B80B-FDB2-4D4F-B65D-594EA47A6C55}.Release|Any CPU.ActiveCfg = Release|Any CPU
		{C7D7B80B-FDB2-4D4F-B65D-594EA47A6C55}.Release|Any CPU.Build.0 = Release|Any CPU
	EndGlobalSection
	GlobalSection(SolutionProperties) = preSolution
		HideSolutionNode = FALSE
	EndGlobalSection
	GlobalSection(ExtensibilityGlobals) = postSolution
		SolutionGuid = {0B7D8414-13E3-454C-8CCA-5B02FB4A4A83}
	EndGlobalSection
EndGlobal
