
Microsoft Visual Studio Solution File, Format Version 12.00
# Visual Studio 15
VisualStudioVersion = 15.0.28307.779
MinimumVisualStudioVersion = 10.0.40219.1
Project("{FAE04EC0-301F-11D3-BF4B-00C04F79EFBC}") = "OddLines", "OddLines\OddLines.csproj", "{A2105F0C-E385-431F-84EF-5F2753247D4F}"
EndProject
Global
	GlobalSection(SolutionConfigurationPlatforms) = preSolution
		Debug|Any CPU = Debug|Any CPU
		Release|Any CPU = Release|Any CPU
	EndGlobalSection
	GlobalSection(ProjectConfigurationPlatforms) = postSolution
		{A2105F0C-E385-431F-84EF-5F2753247D4F}.Debug|Any CPU.ActiveCfg = Debug|Any CPU
		{A2105F0C-E385-431F-84EF-5F2753247D4F}.Debug|Any CPU.Build.0 = Debug|Any CPU
		{A2105F0C-E385-431F-84EF-5F2753247D4F}.Release|Any CPU.ActiveCfg = Release|Any CPU
		{A2105F0C-E385-431F-84EF-5F2753247D4F}.Release|Any CPU.Build.0 = Release|Any CPU
	EndGlobalSection
	GlobalSection(SolutionProperties) = preSolution
		HideSolutionNode = FALSE
	EndGlobalSection
	GlobalSection(ExtensibilityGlobals) = postSolution
		SolutionGuid = {0B7D8414-13E3-454C-8CCA-5B02FB4A4A83}
	EndGlobalSection
EndGlobal
